
Microsoft Visual Studio Solution File, Format Version 12.00
# Visual Studio Version 17
VisualStudioVersion = 17.11.35303.130
MinimumVisualStudioVersion = 10.0.40219.1
Project("{FAE04EC0-301F-11D3-BF4B-00C04F79EFBC}") = "Animalopoly V4", "Animalopoly V4.csproj", "{F277FDDF-9B40-4E86-866B-E1DAC7C77375}"
EndProject
Global
	GlobalSection(SolutionConfigurationPlatforms) = preSolution
		Debug|Any CPU = Debug|Any CPU
		Release|Any CPU = Release|Any CPU
	EndGlobalSection
	GlobalSection(ProjectConfigurationPlatforms) = postSolution
		{F277FDDF-9B40-4E86-866B-E1DAC7C77375}.Debug|Any CPU.ActiveCfg = Debug|Any CPU
		{F277FDDF-9B40-4E86-866B-E1DAC7C77375}.Debug|Any CPU.Build.0 = Debug|Any CPU
		{F277FDDF-9B40-4E86-866B-E1DAC7C77375}.Release|Any CPU.ActiveCfg = Release|Any CPU
		{F277FDDF-9B40-4E86-866B-E1DAC7C77375}.Release|Any CPU.Build.0 = Release|Any CPU
	EndGlobalSection
	GlobalSection(SolutionProperties) = preSolution
		HideSolutionNode = FALSE
	EndGlobalSection
	GlobalSection(ExtensibilityGlobals) = postSolution
		SolutionGuid = {97B98BD8-C17C-4FAF-89E3-698E90535277}
	EndGlobalSection
EndGlobal
